{
  "name": "diffy-models",
  "version": "1.0.0",
  "lockfileVersion": 2,
  "requires": true,
  "packages": {
    "": {
      "name": "diffy-models",
      "version": "1.0.0",
      "license": "ISC",
      "dependencies": {
        "diff2html": "3.4.9"
      },
      "devDependencies": {
        "@types/node": "16.7.1",
        "typescript": "4.3.5"
      }
    },
    "node_modules/@types/node": {
      "version": "16.7.1",
      "resolved": "https://registry.npmjs.org/@types/node/-/node-16.7.1.tgz",
      "integrity": "sha512-ncRdc45SoYJ2H4eWU9ReDfp3vtFqDYhjOsKlFFUDEn8V1Bgr2RjYal8YT5byfadWIRluhPFU6JiDOl0H6Sl87A==",
      "dev": true
    },
    "node_modules/abbrev": {
      "version": "1.1.1",
      "resolved": "https://registry.npmjs.org/abbrev/-/abbrev-1.1.1.tgz",
      "integrity": "sha512-nne9/IiQ/hzIhY6pdDnbBtz7DjPTKrY00P/zvPSm5pOFkl6xuGrGnXn/VtTNNfNtAfZ9/1RtehkszU9qcTii0Q=="
    },
    "node_modules/diff": {
      "version": "5.0.0",
      "resolved": "https://registry.npmjs.org/diff/-/diff-5.0.0.tgz",
      "integrity": "sha512-/VTCrvm5Z0JGty/BWHljh+BAiw3IK+2j87NGMu8Nwc/f48WoDAC395uomO9ZD117ZOBaHmkX1oyLvkVM/aIT3w==",
      "engines": {
        "node": ">=0.3.1"
      }
    },
    "node_modules/diff2html": {
      "version": "3.4.9",
      "resolved": "https://registry.npmjs.org/diff2html/-/diff2html-3.4.9.tgz",
      "integrity": "sha512-33x45h6Xgfasjt49e0ldfLnUdCjLjHIdablpAlrKnQyyG1RA7w+4cbp9+bUfNLxfFj584BookXqh5KJEt4+MLA==",
      "dependencies": {
        "diff": "5.0.0",
        "hogan.js": "3.0.2"
      },
      "engines": {
        "node": ">=12"
      },
      "optionalDependencies": {
        "highlight.js": "11.1.0"
      }
    },
    "node_modules/highlight.js": {
      "version": "11.1.0",
      "resolved": "https://registry.npmjs.org/highlight.js/-/highlight.js-11.1.0.tgz",
      "integrity": "sha512-X9VVhYKHQPPuwffO8jk4bP/FVj+ibNCy3HxZZNDXFtJrq4O5FdcdCDRIkDis5MiMnjh7UwEdHgRZJcHFYdzDdA==",
      "optional": true,
      "engines": {
        "node": ">=12.0.0"
      }
    },
    "node_modules/hogan.js": {
      "version": "3.0.2",
      "resolved": "https://registry.npmjs.org/hogan.js/-/hogan.js-3.0.2.tgz",
      "integrity": "sha1-TNnhq9QpQUbnZ55B14mHMrAse/0=",
      "dependencies": {
        "mkdirp": "0.3.0",
        "nopt": "1.0.10"
      },
      "bin": {
        "hulk": "bin/hulk"
      }
    },
    "node_modules/mkdirp": {
      "version": "0.3.0",
      "resolved": "https://registry.npmjs.org/mkdirp/-/mkdirp-0.3.0.tgz",
      "integrity": "sha1-G79asbqCevI1dRQ0kEJkVfSB/h4=",
      "deprecated": "Legacy versions of mkdirp are no longer supported. Please update to mkdirp 1.x. (Note that the API surface has changed to use Promises in 1.x.)",
      "engines": {
        "node": "*"
      }
    },
    "node_modules/nopt": {
      "version": "1.0.10",
      "resolved": "https://registry.npmjs.org/nopt/-/nopt-1.0.10.tgz",
      "integrity": "sha1-bd0hvSoxQXuScn3Vhfim83YI6+4=",
      "dependencies": {
        "abbrev": "1"
      },
      "bin": {
        "nopt": "bin/nopt.js"
      },
      "engines": {
        "node": "*"
      }
    },
    "node_modules/typescript": {
      "version": "4.3.5",
      "resolved": "https://registry.npmjs.org/typescript/-/typescript-4.3.5.tgz",
      "integrity": "sha512-DqQgihaQ9cUrskJo9kIyW/+g0Vxsk8cDtZ52a3NGh0YNTfpUSArXSohyUGnvbPazEPLu398C0UxmKSOrPumUzA==",
      "dev": true,
      "bin": {
        "tsc": "bin/tsc",
        "tsserver": "bin/tsserver"
      },
      "engines": {
        "node": ">=4.2.0"
      }
    }
  },
  "dependencies": {
    "@types/node": {
      "version": "16.7.1",
      "resolved": "https://registry.npmjs.org/@types/node/-/node-16.7.1.tgz",
      "integrity": "sha512-ncRdc45SoYJ2H4eWU9ReDfp3vtFqDYhjOsKlFFUDEn8V1Bgr2RjYal8YT5byfadWIRluhPFU6JiDOl0H6Sl87A==",
      "dev": true
    },
    "abbrev": {
      "version": "1.1.1",
      "resolved": "https://registry.npmjs.org/abbrev/-/abbrev-1.1.1.tgz",
      "integrity": "sha512-nne9/IiQ/hzIhY6pdDnbBtz7DjPTKrY00P/zvPSm5pOFkl6xuGrGnXn/VtTNNfNtAfZ9/1RtehkszU9qcTii0Q=="
    },
    "diff": {
      "version": "5.0.0",
      "resolved": "https://registry.npmjs.org/diff/-/diff-5.0.0.tgz",
      "integrity": "sha512-/VTCrvm5Z0JGty/BWHljh+BAiw3IK+2j87NGMu8Nwc/f48WoDAC395uomO9ZD117ZOBaHmkX1oyLvkVM/aIT3w=="
    },
    "diff2html": {
      "version": "3.4.9",
      "resolved": "https://registry.npmjs.org/diff2html/-/diff2html-3.4.9.tgz",
      "integrity": "sha512-33x45h6Xgfasjt49e0ldfLnUdCjLjHIdablpAlrKnQyyG1RA7w+4cbp9+bUfNLxfFj584BookXqh5KJEt4+MLA==",
      "requires": {
        "diff": "5.0.0",
        "highlight.js": "11.1.0",
        "hogan.js": "3.0.2"
      }
    },
    "highlight.js": {
      "version": "11.1.0",
      "resolved": "https://registry.npmjs.org/highlight.js/-/highlight.js-11.1.0.tgz",
      "integrity": "sha512-X9VVhYKHQPPuwffO8jk4bP/FVj+ibNCy3HxZZNDXFtJrq4O5FdcdCDRIkDis5MiMnjh7UwEdHgRZJcHFYdzDdA==",
      "optional": true
    },
    "hogan.js": {
      "version": "3.0.2",
      "resolved": "https://registry.npmjs.org/hogan.js/-/hogan.js-3.0.2.tgz",
      "integrity": "sha1-TNnhq9QpQUbnZ55B14mHMrAse/0=",
      "requires": {
        "mkdirp": "0.3.0",
        "nopt": "1.0.10"
      }
    },
    "mkdirp": {
      "version": "0.3.0",
      "resolved": "https://registry.npmjs.org/mkdirp/-/mkdirp-0.3.0.tgz",
      "integrity": "sha1-G79asbqCevI1dRQ0kEJkVfSB/h4="
    },
    "nopt": {
      "version": "1.0.10",
      "resolved": "https://registry.npmjs.org/nopt/-/nopt-1.0.10.tgz",
      "integrity": "sha1-bd0hvSoxQXuScn3Vhfim83YI6+4=",
      "requires": {
        "abbrev": "1"
      }
    },
    "typescript": {
      "version": "4.3.5",
      "resolved": "https://registry.npmjs.org/typescript/-/typescript-4.3.5.tgz",
      "integrity": "sha512-DqQgihaQ9cUrskJo9kIyW/+g0Vxsk8cDtZ52a3NGh0YNTfpUSArXSohyUGnvbPazEPLu398C0UxmKSOrPumUzA==",
      "dev": true
    }
  }
}
